{
  "name": "sampleproject",
  "version": "1.0.0",
  "lockfileVersion": 3,
  "requires": true,
  "packages": {
    "": {
      "name": "sampleproject",
      "version": "1.0.0",
      "hasInstallScript": true,
      "dependencies": {
        "@uepm/dependency-plugin": "^1.0.1"
      },
      "devDependencies": {
        "@uepm/postinstall": "^0.1.0"
      }
    },
    "node_modules/@uepm/core": {
      "version": "0.1.5",
      "resolved": "https://registry.npmjs.org/@uepm/core/-/core-0.1.5.tgz",
      "integrity": "sha512-iI/VtEE3D0ivzctSnkDFNhN0m7IZOXk8kcDGMVstsZDIbERV10KpmSMfNzHmjdamQXZDCk+Bl+DB6TRC5zzp8w==",
      "dev": true,
      "license": "MIT",
      "dependencies": {
        "semver": "^7.5.4"
      },
      "engines": {
        "node": ">=18.0.0"
      }
    },
    "node_modules/@uepm/dependency-plugin": {
      "version": "1.0.1",
      "resolved": "https://registry.npmjs.org/@uepm/dependency-plugin/-/dependency-plugin-1.0.1.tgz",
      "integrity": "sha512-9dt7LEZTCcONBvD4Ys5lSvhH068GmHu6dMgZV530aRCT/jwnsJ69HhCQuAkwte30tqmD9XqH7QyZQo4UT7r6mg==",
      "license": "MIT",
      "dependencies": {
        "@uepm/example-plugin": "^1.0.1"
      },
      "engines": {
        "node": ">=18.0.0"
      }
    },
    "node_modules/@uepm/example-plugin": {
      "version": "1.0.1",
      "resolved": "https://registry.npmjs.org/@uepm/example-plugin/-/example-plugin-1.0.1.tgz",
      "integrity": "sha512-b85B9jcLRbEZIwhazC55Wd/iQcb1m1khGIFtfwwLhZug+kuzFNnIJWYI1U0DYFmvWvVEpMzqksJPH/Fs8LXM+A==",
      "license": "MIT",
      "engines": {
        "node": ">=18.0.0"
      }
    },
    "node_modules/@uepm/postinstall": {
      "version": "0.1.5",
      "resolved": "https://registry.npmjs.org/@uepm/postinstall/-/postinstall-0.1.5.tgz",
      "integrity": "sha512-UCGxR/bTFhoAnmChZhqKnelMyf6qm7WHjPL/E61ldVNl5lOAafv53niWf1/u6HOEMgBH1Yc4QQY482jraSeR1Q==",
      "dev": true,
      "license": "MIT",
      "dependencies": {
        "@uepm/core": "^0.1.5",
        "semver": "^7.5.4"
      },
      "bin": {
        "uepm-postinstall": "bin/uepm-postinstall.js"
      },
      "engines": {
        "node": ">=18.0.0"
      }
    },
    "node_modules/semver": {
      "version": "7.7.3",
      "resolved": "https://registry.npmjs.org/semver/-/semver-7.7.3.tgz",
      "integrity": "sha512-SdsKMrI9TdgjdweUSR9MweHA4EJ8YxHn8DFaDisvhVlUOe4BF1tLD7GAj0lIqWVl+dPb/rExr0Btby5loQm20Q==",
      "dev": true,
      "license": "ISC",
      "bin": {
        "semver": "bin/semver.js"
      },
      "engines": {
        "node": ">=10"
      }
    }
  }
}
