{
  "name": "sampleproject",
  "version": "1.0.0",
  "lockfileVersion": 3,
  "requires": true,
  "packages": {
    "": {
      "name": "sampleproject",
      "version": "1.0.0",
      "hasInstallScript": true,
      "dependencies": {
        "@uepm/dependency-plugin": "^1.0.4",
        "@uepm/example-plugin": "^1.0.4"
      },
      "devDependencies": {
        "@uepm/postinstall": "^1.0.4"
      }
    },
    "node_modules/@uepm/core": {
      "version": "1.0.4",
      "resolved": "https://registry.npmjs.org/@uepm/core/-/core-1.0.4.tgz",
      "integrity": "sha512-IS+q8vwaFvLPs6xyEV9+VgxPAT7eKPXPI+KijEIP03AKBvbvLBN3mA9q++HAT5X/35rQVeZPA6z3TmKqJlz8sQ==",
      "dev": true,
      "license": "MIT",
      "dependencies": {
        "semver": "^7.5.4"
      },
      "engines": {
        "node": ">=18.0.0"
      }
    },
    "node_modules/@uepm/dependency-plugin": {
      "version": "1.0.4",
      "resolved": "https://registry.npmjs.org/@uepm/dependency-plugin/-/dependency-plugin-1.0.4.tgz",
      "integrity": "sha512-RusnR+36veTSXbBuv1XRbikvov7uL56kasresqVwpROsq6PsHnzU6h/IPMYxnf3hxD6quQBfSN3gj85lo/djng==",
      "license": "MIT",
      "dependencies": {
        "@uepm/example-plugin": "^1.0.4"
      },
      "engines": {
        "node": ">=18.0.0"
      }
    },
    "node_modules/@uepm/example-plugin": {
      "version": "1.0.4",
      "resolved": "https://registry.npmjs.org/@uepm/example-plugin/-/example-plugin-1.0.4.tgz",
      "integrity": "sha512-NaIzV7OZCEs3hCoovxGZZnBlFfLrAibE9x3JD4L9IRXV6fRRRH7LJqdL1fbVgHxGZcS2LrKSYRlZP+NAkQeE4g==",
      "license": "MIT",
      "engines": {
        "node": ">=18.0.0"
      }
    },
    "node_modules/@uepm/postinstall": {
      "version": "1.0.4",
      "resolved": "https://registry.npmjs.org/@uepm/postinstall/-/postinstall-1.0.4.tgz",
      "integrity": "sha512-jxzWPyqAcL1d8K14GwnYp5r0p5FuEqZv+XeJu7fFGM/5uzxAn9N2H8OfE5jVB+yFRkZ1u5OuRYCkAYaN8skj7g==",
      "dev": true,
      "license": "MIT",
      "dependencies": {
        "@uepm/core": "^1.0.4",
        "semver": "^7.5.4"
      },
      "bin": {
        "uepm-postinstall": "bin/uepm-postinstall.js"
      },
      "engines": {
        "node": ">=18.0.0"
      }
    },
    "node_modules/semver": {
      "version": "7.7.3",
      "resolved": "https://registry.npmjs.org/semver/-/semver-7.7.3.tgz",
      "integrity": "sha512-SdsKMrI9TdgjdweUSR9MweHA4EJ8YxHn8DFaDisvhVlUOe4BF1tLD7GAj0lIqWVl+dPb/rExr0Btby5loQm20Q==",
      "dev": true,
      "license": "ISC",
      "bin": {
        "semver": "bin/semver.js"
      },
      "engines": {
        "node": ">=10"
      }
    }
  }
}
